
Microsoft Visual Studio Solution File, Format Version 12.00
# Visual Studio Version 17
VisualStudioVersion = 17.0.31612.314
MinimumVisualStudioVersion = 10.0.40219.1
Project("{FAE04EC0-301F-11D3-BF4B-00C04F79EFBC}") = "LabAssignment", "LabAssignment\LabAssignment.csproj", "{9D820EDE-CF79-4D62-8DAC-294F338CE9E5}"
EndProject
Global
	GlobalSection(SolutionConfigurationPlatforms) = preSolution
		Debug|Any CPU = Debug|Any CPU
		Release|Any CPU = Release|Any CPU
	EndGlobalSection
	GlobalSection(ProjectConfigurationPlatforms) = postSolution
		{9D820EDE-CF79-4D62-8DAC-294F338CE9E5}.Debug|Any CPU.ActiveCfg = Debug|Any CPU
		{9D820EDE-CF79-4D62-8DAC-294F338CE9E5}.Debug|Any CPU.Build.0 = Debug|Any CPU
		{9D820EDE-CF79-4D62-8DAC-294F338CE9E5}.Release|Any CPU.ActiveCfg = Release|Any CPU
		{9D820EDE-CF79-4D62-8DAC-294F338CE9E5}.Release|Any CPU.Build.0 = Release|Any CPU
	EndGlobalSection
	GlobalSection(SolutionProperties) = preSolution
		HideSolutionNode = FALSE
	EndGlobalSection
	GlobalSection(ExtensibilityGlobals) = postSolution
		SolutionGuid = {CA7CF971-5EE3-40CE-A01A-7E46CE1ECF62}
	EndGlobalSection
EndGlobal
